lockfileVersion: '9.0'

settings:
  autoInstallPeers: true
  excludeLinksFromLockfile: false

importers:

  .:
    devDependencies:
      '@typescript/native-preview':
        specifier: latest
        version: 7.0.0-dev.20260706.1
      prettier:
        specifier: ^3.6.2
        version: 3.9.1

packages:

  '@typescript/native-preview-darwin-arm64@7.0.0-dev.20260706.1':
    resolution: {integrity: sha512-l9UTIdxt99UUJ7pe/xWWwjoxr9EnG+Sc2k6FUchQrSK0sFZOlx76+hQm6DvuzWOr+1JEpVP/LGmnx7+qk8Yr3Q==}
    engines: {node: '>=16.20.0'}
    cpu: [arm64]
    os: [darwin]

  '@typescript/native-preview-darwin-x64@7.0.0-dev.20260706.1':
    resolution: {integrity: sha512-2/ivq1yeOrhNnN+aQhCLtGeqZ90R5v9OaoON4tG0zEJZLy+jIZGnRK6+gbI8lBhKuIVY2pjpHPJxN1VCaBmxGA==}
    engines: {node: '>=16.20.0'}
    cpu: [x64]
    os: [darwin]

  '@typescript/native-preview-linux-arm64@7.0.0-dev.20260706.1':
    resolution: {integrity: sha512-eokiB0dLt8uUeWH2BbwhQZLrGay5quzptTsFs8kh/nFdSF4gYLoBwmpJn/o5YYrQU89T7Mvi4tKPkgo0TCnwIw==}
    engines: {node: '>=16.20.0'}
    cpu: [arm64]
    os: [linux]

  '@typescript/native-preview-linux-arm@7.0.0-dev.20260706.1':
    resolution: {integrity: sha512-E2n8tnUcXwY4vRmyEpS8CfpJbK7y5coPtKtqDFtGZHbvWLPoiIP6OhHF5fIPCNMziBclz+5MR86OzxK1jt93YQ==}
    engines: {node: '>=16.20.0'}
    cpu: [arm]
    os: [linux]

  '@typescript/native-preview-linux-x64@7.0.0-dev.20260706.1':
    resolution: {integrity: sha512-JwrLUanCkVq+vbSjcc+qMqQN909Jhiy1s671q5vaYmBMLIzlhNSkvWqmHk+8XLt100zcgJDGgv+kHRazDlpPUQ==}
    engines: {node: '>=16.20.0'}
    cpu: [x64]
    os: [linux]

  '@typescript/native-preview-win32-arm64@7.0.0-dev.20260706.1':
    resolution: {integrity: sha512-z75g24yUxktDSnP41t5Y3lV8BbraGyFuRvxhpd5GwXxT/qKQ3bHHcmdTTDSLkn+SRD8fAnnbFqb274UIC4OcCA==}
    engines: {node: '>=16.20.0'}
    cpu: [arm64]
    os: [win32]

  '@typescript/native-preview-win32-x64@7.0.0-dev.20260706.1':
    resolution: {integrity: sha512-kWP0dMeCvTN5E4X4lQ7dELxyarnfapY1R9KPwHZdN7mcY67uPYSFTvBHD1+V3Q4dTQHQVIaHDUNOfU6McBo1wA==}
    engines: {node: '>=16.20.0'}
    cpu: [x64]
    os: [win32]

  '@typescript/native-preview@7.0.0-dev.20260706.1':
    resolution: {integrity: sha512-lm3nzcj+cbml0Pt+0QyOpdhZES9WRj0Fv/fds2GaKSf9wXe8694gy6Fa5D65lRcP6q4HHivlrNqJo8rR5Klzww==}
    engines: {node: '>=16.20.0'}
    hasBin: true

  prettier@3.9.1:
    resolution: {integrity: sha512-ppiDo2CSwexck1eyZUwJHg/N3nf1+6IRCv7W/VJ5vaLnVCmB7+3CdRfMwoCHBBX6xTrREDTksZ4OZl5SSf4zXA==}
    engines: {node: '>=14'}
    hasBin: true

snapshots:

  '@typescript/native-preview-darwin-arm64@7.0.0-dev.20260706.1':
    optional: true

  '@typescript/native-preview-darwin-x64@7.0.0-dev.20260706.1':
    optional: true

  '@typescript/native-preview-linux-arm64@7.0.0-dev.20260706.1':
    optional: true

  '@typescript/native-preview-linux-arm@7.0.0-dev.20260706.1':
    optional: true

  '@typescript/native-preview-linux-x64@7.0.0-dev.20260706.1':
    optional: true

  '@typescript/native-preview-win32-arm64@7.0.0-dev.20260706.1':
    optional: true

  '@typescript/native-preview-win32-x64@7.0.0-dev.20260706.1':
    optional: true

  '@typescript/native-preview@7.0.0-dev.20260706.1':
    optionalDependencies:
      '@typescript/native-preview-darwin-arm64': 7.0.0-dev.20260706.1
      '@typescript/native-preview-darwin-x64': 7.0.0-dev.20260706.1
      '@typescript/native-preview-linux-arm': 7.0.0-dev.20260706.1
      '@typescript/native-preview-linux-arm64': 7.0.0-dev.20260706.1
      '@typescript/native-preview-linux-x64': 7.0.0-dev.20260706.1
      '@typescript/native-preview-win32-arm64': 7.0.0-dev.20260706.1
      '@typescript/native-preview-win32-x64': 7.0.0-dev.20260706.1

  prettier@3.9.1: {}
