lockfileVersion: '9.0'

settings:
  autoInstallPeers: true
  excludeLinksFromLockfile: false

importers:

  .:
    devDependencies:
      '@typescript/native-preview':
        specifier: latest
        version: 7.0.0-dev.20260615.1
      prettier:
        specifier: ^3.6.2
        version: 3.8.4

packages:

  '@typescript/native-preview-darwin-arm64@7.0.0-dev.20260615.1':
    resolution: {integrity: sha512-EHrtoVGEEhIhsnGe+b8w0FoM9JfIw5SkoPwO8ifaU0PrYm2UbyPbj2I2hOTxtk458t0irvGz2+8cshylBRbKng==}
    engines: {node: '>=16.20.0'}
    cpu: [arm64]
    os: [darwin]

  '@typescript/native-preview-darwin-x64@7.0.0-dev.20260615.1':
    resolution: {integrity: sha512-BcDA56hkk6mrUpysaOVvrdACoX5d2SF1JTwHMoNjT1KysBicExS2wlH0eN0L01iDeqtB73XHl7A4zrKFmKzrBg==}
    engines: {node: '>=16.20.0'}
    cpu: [x64]
    os: [darwin]

  '@typescript/native-preview-linux-arm64@7.0.0-dev.20260615.1':
    resolution: {integrity: sha512-TDAlBpyYCF7Z+ELTH+1tabDE6W3shl+H+Z+nmzaQio1I8pFvbwt2iLlE0Rc9CpRdIeaqr0ppMEgXHoeV3fZFWA==}
    engines: {node: '>=16.20.0'}
    cpu: [arm64]
    os: [linux]

  '@typescript/native-preview-linux-arm@7.0.0-dev.20260615.1':
    resolution: {integrity: sha512-YRXRS/7ZqrDKXBJhFQcZiOdnHRuRbWoL/QkggpoGfhIuSAh4HvTU0WEUnPM+jRnH2kUMfsSgd8EAnPvmuP7/VA==}
    engines: {node: '>=16.20.0'}
    cpu: [arm]
    os: [linux]

  '@typescript/native-preview-linux-x64@7.0.0-dev.20260615.1':
    resolution: {integrity: sha512-/QDmRWt6abB7fw3yMchjlyDXej/7Dr8mYG4wvGGf6c1hc5Il5UpDQWNHejatdeKvAu+sszz8JhTuL8et47fTTg==}
    engines: {node: '>=16.20.0'}
    cpu: [x64]
    os: [linux]

  '@typescript/native-preview-win32-arm64@7.0.0-dev.20260615.1':
    resolution: {integrity: sha512-WTJOLoe2rxT0W1i8ndWk2MKrakxRFNki537JZxvKAmSTbyOZznHlW3O3dbryUtTBYA716DDqS3ci24kuIfvBdg==}
    engines: {node: '>=16.20.0'}
    cpu: [arm64]
    os: [win32]

  '@typescript/native-preview-win32-x64@7.0.0-dev.20260615.1':
    resolution: {integrity: sha512-4cSCpXG7um18nwmLdU/SjoTv3OcO38/ufTiy1oWVccgGHLJqppiOP9/o+ElKIWhvrp78IaGy8+h3YqEjQ4/pcQ==}
    engines: {node: '>=16.20.0'}
    cpu: [x64]
    os: [win32]

  '@typescript/native-preview@7.0.0-dev.20260615.1':
    resolution: {integrity: sha512-JJ8X1l7H1GrnseK1k30qfQqB8Pz6jw3IALZVIj5oXQeRbUCe0Wx3ljkJEmOpunogdhEfA8IlOggskbUjVsXKBQ==}
    engines: {node: '>=16.20.0'}
    hasBin: true

  prettier@3.8.4:
    resolution: {integrity: sha512-N2MylSdi48+5N/6S5j+maeHbUSIzzZ5uOcX5Hm4QpV8Dkb1HFjfAKTKX6yNPJQD9AhcT3ifHNB66tWTTJDi11Q==}
    engines: {node: '>=14'}
    hasBin: true

snapshots:

  '@typescript/native-preview-darwin-arm64@7.0.0-dev.20260615.1':
    optional: true

  '@typescript/native-preview-darwin-x64@7.0.0-dev.20260615.1':
    optional: true

  '@typescript/native-preview-linux-arm64@7.0.0-dev.20260615.1':
    optional: true

  '@typescript/native-preview-linux-arm@7.0.0-dev.20260615.1':
    optional: true

  '@typescript/native-preview-linux-x64@7.0.0-dev.20260615.1':
    optional: true

  '@typescript/native-preview-win32-arm64@7.0.0-dev.20260615.1':
    optional: true

  '@typescript/native-preview-win32-x64@7.0.0-dev.20260615.1':
    optional: true

  '@typescript/native-preview@7.0.0-dev.20260615.1':
    optionalDependencies:
      '@typescript/native-preview-darwin-arm64': 7.0.0-dev.20260615.1
      '@typescript/native-preview-darwin-x64': 7.0.0-dev.20260615.1
      '@typescript/native-preview-linux-arm': 7.0.0-dev.20260615.1
      '@typescript/native-preview-linux-arm64': 7.0.0-dev.20260615.1
      '@typescript/native-preview-linux-x64': 7.0.0-dev.20260615.1
      '@typescript/native-preview-win32-arm64': 7.0.0-dev.20260615.1
      '@typescript/native-preview-win32-x64': 7.0.0-dev.20260615.1

  prettier@3.8.4: {}
