lockfileVersion: '9.0'

settings:
  autoInstallPeers: true
  excludeLinksFromLockfile: false

importers:

  .:
    devDependencies:
      '@typescript/native-preview':
        specifier: latest
        version: 7.0.0-dev.20260223.1
      prettier:
        specifier: ^3.6.2
        version: 3.8.1

packages:

  '@typescript/native-preview-darwin-arm64@7.0.0-dev.20260223.1':
    resolution: {integrity: sha512-uDvCfIGr3PR8iKBA6OCNq6w0b2WMvmtkS8KUZVy04CH8ieFsxChYStLiyFTDX4GZs9BtWKeth/7qGDZewY20sQ==}
    cpu: [arm64]
    os: [darwin]

  '@typescript/native-preview-darwin-x64@7.0.0-dev.20260223.1':
    resolution: {integrity: sha512-hOKQicSgd1DhFbsqdpC5fMgg0R46sYbbtVjfXgYTAHg/WO6whfZ2SfPy9IIzsQ/CXYUZuwoJElCnc9DTcd66+w==}
    cpu: [x64]
    os: [darwin]

  '@typescript/native-preview-linux-arm64@7.0.0-dev.20260223.1':
    resolution: {integrity: sha512-oRt0l3O/itqBEwd5rhfDAyziEzbSgWar1NShduK4n2mHWTHCI1I7mFsbSPbox2pdrqOwOr0QW8xu7xEgDWWRXA==}
    cpu: [arm64]
    os: [linux]

  '@typescript/native-preview-linux-arm@7.0.0-dev.20260223.1':
    resolution: {integrity: sha512-FVq6XjzqtLC1MVgQiumwpuW7Ug+S+WVEbvCUJQhrs8Szbf6fIFU/6+D6fOGCKzzo9SAD6zq2RNHtejBw74JSFA==}
    cpu: [arm]
    os: [linux]

  '@typescript/native-preview-linux-x64@7.0.0-dev.20260223.1':
    resolution: {integrity: sha512-qpFTW7q8Vvq1v/0bzfT8+D0wLjqydIP0qKlomrEGLlMnCCAnPodo2oLc2JCtacc40TSMZZARvhctTszCn1gWBA==}
    cpu: [x64]
    os: [linux]

  '@typescript/native-preview-win32-arm64@7.0.0-dev.20260223.1':
    resolution: {integrity: sha512-HHu63F8cDhgIlqFGBnqBVQn7HSiORxyT0M6yPzG4tG4gdzx+aFUdogbYily0nzN5b6NolQTrFfh3Q85UfHCHqg==}
    cpu: [arm64]
    os: [win32]

  '@typescript/native-preview-win32-x64@7.0.0-dev.20260223.1':
    resolution: {integrity: sha512-vSis36O5qT+vOYfei7GtfWWzvIoaNdmxa1zDypBKkGGCCHt/c5vp0pXls85+8jBVS11Ep6p7ECcHlt+R5CBaug==}
    cpu: [x64]
    os: [win32]

  '@typescript/native-preview@7.0.0-dev.20260223.1':
    resolution: {integrity: sha512-NEifR9F/0khbTQRztM4Yuxcj9dFuK9ubWIXJwLSmKMlncSp4u1fzRnlfv1vlNKKrXB7BUXoANFHpsM5BEXJ06w==}
    hasBin: true

  prettier@3.8.1:
    resolution: {integrity: sha512-UOnG6LftzbdaHZcKoPFtOcCKztrQ57WkHDeRD9t/PTQtmT0NHSeWWepj6pS0z/N7+08BHFDQVUrfmfMRcZwbMg==}
    engines: {node: '>=14'}
    hasBin: true

snapshots:

  '@typescript/native-preview-darwin-arm64@7.0.0-dev.20260223.1':
    optional: true

  '@typescript/native-preview-darwin-x64@7.0.0-dev.20260223.1':
    optional: true

  '@typescript/native-preview-linux-arm64@7.0.0-dev.20260223.1':
    optional: true

  '@typescript/native-preview-linux-arm@7.0.0-dev.20260223.1':
    optional: true

  '@typescript/native-preview-linux-x64@7.0.0-dev.20260223.1':
    optional: true

  '@typescript/native-preview-win32-arm64@7.0.0-dev.20260223.1':
    optional: true

  '@typescript/native-preview-win32-x64@7.0.0-dev.20260223.1':
    optional: true

  '@typescript/native-preview@7.0.0-dev.20260223.1':
    optionalDependencies:
      '@typescript/native-preview-darwin-arm64': 7.0.0-dev.20260223.1
      '@typescript/native-preview-darwin-x64': 7.0.0-dev.20260223.1
      '@typescript/native-preview-linux-arm': 7.0.0-dev.20260223.1
      '@typescript/native-preview-linux-arm64': 7.0.0-dev.20260223.1
      '@typescript/native-preview-linux-x64': 7.0.0-dev.20260223.1
      '@typescript/native-preview-win32-arm64': 7.0.0-dev.20260223.1
      '@typescript/native-preview-win32-x64': 7.0.0-dev.20260223.1

  prettier@3.8.1: {}
